{
  "nodes": {
    "flake-utils": {
      "locked": {
        "lastModified": 1634851050,
        "narHash": "sha256-N83GlSGPJJdcqhUxSCS/WwW5pksYf3VP1M13cDRTSVA=",
        "owner": "numtide",
        "repo": "flake-utils",
        "rev": "c91f3de5adaf1de973b797ef7485e441a65b8935",
        "type": "github"
      },
      "original": {
        "owner": "numtide",
        "repo": "flake-utils",
        "type": "github"
      }
    },
    "frigate-hass-integration": {
      "flake": false,
      "locked": {
        "lastModified": 1635188788,
        "narHash": "sha256-Y3aQzYjuGNEMNQI/DoCMuCtqwYZ9vHwIyvgkVRkTcW4=",
        "owner": "blakeblackshear",
        "repo": "frigate-hass-integration",
        "rev": "e6e050f558faf1947627c200cbf4c9bbb55de634",
        "type": "github"
      },
      "original": {
        "owner": "blakeblackshear",
        "repo": "frigate-hass-integration",
        "type": "github"
      }
    },
    "root": {
      "inputs": {
        "flake-utils": "flake-utils",
        "frigate-hass-integration": "frigate-hass-integration",
        "sonarr_ha": "sonarr_ha",
        "stable": "stable",
        "unstable": "unstable",
        "upcoming-media-card": "upcoming-media-card",
        "webrtc-card": "webrtc-card",
        "zha-network-card": "zha-network-card"
      }
    },
    "sonarr_ha": {
      "flake": false,
      "locked": {
        "lastModified": 1614740689,
        "narHash": "sha256-atipmT09hgWFlYiqC5mqVUYzPu02YQpTqbsT6iqcwvY=",
        "owner": "custom-components",
        "repo": "sensor.sonarr_upcoming_media",
        "rev": "add0b2ad467fdf6aa0f5c083ccb34ad901eed5b7",
        "type": "github"
      },
      "original": {
        "owner": "custom-components",
        "repo": "sensor.sonarr_upcoming_media",
        "type": "github"
      }
    },
    "stable": {
      "locked": {
        "lastModified": 1635456205,
        "narHash": "sha256-CLZxFvwec8BhFlB5tkIq08UBDNNrijOY780UF6ubJXc=",
        "owner": "NixOS",
        "repo": "nixpkgs",
        "rev": "66d6ec6ed2ddc77d08cf677cc8230db39f051793",
        "type": "github"
      },
      "original": {
        "owner": "NixOS",
        "ref": "nixos-21.05",
        "repo": "nixpkgs",
        "type": "github"
      }
    },
    "unstable": {
      "locked": {
        "lastModified": 1635403963,
        "narHash": "sha256-0actzfzBAXvvDJ/EvPSGbtCPXUwSObQrcq0RpsPWZgA=",
        "owner": "NixOS",
        "repo": "nixpkgs",
        "rev": "2deb07f3ac4eeb5de1c12c4ba2911a2eb1f6ed61",
        "type": "github"
      },
      "original": {
        "owner": "NixOS",
        "ref": "nixos-unstable",
        "repo": "nixpkgs",
        "type": "github"
      }
    },
    "upcoming-media-card": {
      "flake": false,
      "locked": {
        "lastModified": 1610684259,
        "narHash": "sha256-lgCgjtSurIFJCMbhq/SA8EqtGGjH+G+znref1siMlAg=",
        "owner": "custom-cards",
        "repo": "upcoming-media-card",
        "rev": "c0c83a12c51014303427c61f15d3aa12a44cdd8b",
        "type": "github"
      },
      "original": {
        "owner": "custom-cards",
        "repo": "upcoming-media-card",
        "type": "github"
      }
    },
    "webrtc-card": {
      "flake": false,
      "locked": {
        "lastModified": 1630501275,
        "narHash": "sha256-pnDJHdumhfQchZXdJacZFiXMNsTF/jwr0xRyf04aD8s=",
        "owner": "AlexxIT",
        "repo": "WebRTC",
        "rev": "308a42e6fdb333b327b1408b78ed42eb9ad06232",
        "type": "github"
      },
      "original": {
        "owner": "AlexxIT",
        "repo": "WebRTC",
        "type": "github"
      }
    },
    "zha-network-card": {
      "flake": false,
      "locked": {
        "lastModified": 1606243170,
        "narHash": "sha256-4ALrFtfBw02WptmaQ0c2aqB/eGpSgxRXem0rY6ylhg0=",
        "owner": "dmulcahey",
        "repo": "zha-network-card",
        "rev": "b6b05fa1591d0b9ea86ff81d7ebd92f3b45ef644",
        "type": "github"
      },
      "original": {
        "owner": "dmulcahey",
        "repo": "zha-network-card",
        "type": "github"
      }
    }
  },
  "root": "root",
  "version": 7
}
