{
  "nodes": {
    "dns_block": {
      "flake": false,
      "locked": {
        "lastModified": 1643970411,
        "narHash": "sha256-/kONcynUQs7XOkXFReu+cpwWUr8ul87CuwiuQFjT49E=",
        "owner": "notracking",
        "repo": "hosts-blocklists",
        "rev": "ade1c29e79026bf813f3257797d98a5649c598df",
        "type": "github"
      },
      "original": {
        "owner": "notracking",
        "repo": "hosts-blocklists",
        "type": "github"
      }
    },
    "entity-attributes-card": {
      "flake": false,
      "locked": {
        "lastModified": 1622927154,
        "narHash": "sha256-ZmdFiEG/i6sd6hLMLe1lDnTx45+Smcjj7RRqcVJEs+A=",
        "owner": "custom-cards",
        "repo": "entity-attributes-card",
        "rev": "9530504926ab65927a61a6113527ede64ea68af7",
        "type": "github"
      },
      "original": {
        "owner": "custom-cards",
        "repo": "entity-attributes-card",
        "type": "github"
      }
    },
    "flake-utils": {
      "locked": {
        "lastModified": 1642700792,
        "narHash": "sha256-XqHrk7hFb+zBvRg6Ghl+AZDq03ov6OshJLiSWOoX5es=",
        "owner": "numtide",
        "repo": "flake-utils",
        "rev": "846b2ae0fc4cc943637d3d1def4454213e203cba",
        "type": "github"
      },
      "original": {
        "owner": "numtide",
        "repo": "flake-utils",
        "type": "github"
      }
    },
    "frigate-hass-integration": {
      "flake": false,
      "locked": {
        "lastModified": 1643124623,
        "narHash": "sha256-Gs+M3OVM7l52GLpuW5CN3tK0xZkni7UTO2+6O7qWO50=",
        "owner": "blakeblackshear",
        "repo": "frigate-hass-integration",
        "rev": "19a10d0ea592f2d7ac32f9355809deb28a482daa",
        "type": "github"
      },
      "original": {
        "owner": "blakeblackshear",
        "repo": "frigate-hass-integration",
        "type": "github"
      }
    },
    "ocpp-hass-integration": {
      "flake": false,
      "locked": {
        "lastModified": 1644000692,
        "narHash": "sha256-ScQUTuUtIpNERHq0XD7IKMADLloy1lQCF9UaNrVFGLo=",
        "owner": "lbbrhzn",
        "repo": "ocpp",
        "rev": "09432cf446184added49520d92670d74d0d34525",
        "type": "github"
      },
      "original": {
        "owner": "lbbrhzn",
        "repo": "ocpp",
        "type": "github"
      }
    },
    "oldstable": {
      "locked": {
        "lastModified": 1642244250,
        "narHash": "sha256-vWpUEqQdVP4srj+/YLJRTN9vjpTs4je0cdWKXPbDItc=",
        "owner": "NixOS",
        "repo": "nixpkgs",
        "rev": "0fd9ee1aa36ce865ad273f4f07fdc093adeb5c00",
        "type": "github"
      },
      "original": {
        "owner": "NixOS",
        "ref": "nixos-21.05",
        "repo": "nixpkgs",
        "type": "github"
      }
    },
    "root": {
      "inputs": {
        "dns_block": "dns_block",
        "entity-attributes-card": "entity-attributes-card",
        "flake-utils": "flake-utils",
        "frigate-hass-integration": "frigate-hass-integration",
        "ocpp-hass-integration": "ocpp-hass-integration",
        "oldstable": "oldstable",
        "sonarr_ha": "sonarr_ha",
        "stable": "stable",
        "unstable": "unstable",
        "upcoming-media-card": "upcoming-media-card",
        "webrtc-card": "webrtc-card",
        "zha-network-card": "zha-network-card"
      }
    },
    "sonarr_ha": {
      "flake": false,
      "locked": {
        "lastModified": 1639497177,
        "narHash": "sha256-ChzoX+IEasGpx7TLJBdNK95mJK2XhNPMFVLN1NsNU9k=",
        "owner": "custom-components",
        "repo": "sensor.sonarr_upcoming_media",
        "rev": "f2de40e0f25129acbf6baf5853836f941ad77ca4",
        "type": "github"
      },
      "original": {
        "owner": "custom-components",
        "repo": "sensor.sonarr_upcoming_media",
        "type": "github"
      }
    },
    "stable": {
      "locked": {
        "lastModified": 1643788601,
        "narHash": "sha256-6l5Ax44pC/Oo/Muj5Y/NA27Pd38Wty/7GtGSSmYNug4=",
        "owner": "NixOS",
        "repo": "nixpkgs",
        "rev": "f6ddd55d5f9d5eca08df138c248008c1ba73ecec",
        "type": "github"
      },
      "original": {
        "owner": "NixOS",
        "ref": "nixos-21.11",
        "repo": "nixpkgs",
        "type": "github"
      }
    },
    "unstable": {
      "locked": {
        "lastModified": 1643805626,
        "narHash": "sha256-AXLDVMG+UaAGsGSpOtQHPIKB+IZ0KSd9WS77aanGzgc=",
        "owner": "NixOS",
        "repo": "nixpkgs",
        "rev": "554d2d8aa25b6e583575459c297ec23750adb6cb",
        "type": "github"
      },
      "original": {
        "owner": "NixOS",
        "ref": "nixos-unstable",
        "repo": "nixpkgs",
        "type": "github"
      }
    },
    "upcoming-media-card": {
      "flake": false,
      "locked": {
        "lastModified": 1610684259,
        "narHash": "sha256-lgCgjtSurIFJCMbhq/SA8EqtGGjH+G+znref1siMlAg=",
        "owner": "custom-cards",
        "repo": "upcoming-media-card",
        "rev": "c0c83a12c51014303427c61f15d3aa12a44cdd8b",
        "type": "github"
      },
      "original": {
        "owner": "custom-cards",
        "repo": "upcoming-media-card",
        "type": "github"
      }
    },
    "webrtc-card": {
      "flake": false,
      "locked": {
        "lastModified": 1643354486,
        "narHash": "sha256-iSQSwKtxhOtbz0yI3V4u3BR/mRt/d8GbZKxLd7Vx/+g=",
        "owner": "AlexxIT",
        "repo": "WebRTC",
        "rev": "29c1ce052765edd86810a5cab8bb31a78ce233d6",
        "type": "github"
      },
      "original": {
        "owner": "AlexxIT",
        "repo": "WebRTC",
        "type": "github"
      }
    },
    "zha-network-card": {
      "flake": false,
      "locked": {
        "lastModified": 1606243170,
        "narHash": "sha256-4ALrFtfBw02WptmaQ0c2aqB/eGpSgxRXem0rY6ylhg0=",
        "owner": "dmulcahey",
        "repo": "zha-network-card",
        "rev": "b6b05fa1591d0b9ea86ff81d7ebd92f3b45ef644",
        "type": "github"
      },
      "original": {
        "owner": "dmulcahey",
        "repo": "zha-network-card",
        "type": "github"
      }
    }
  },
  "root": "root",
  "version": 7
}
