{
  "nodes": {
    "flake-utils": {
      "locked": {
        "lastModified": 1638122382,
        "narHash": "sha256-sQzZzAbvKEqN9s0bzWuYmRaA03v40gaJ4+iL1LXjaeI=",
        "owner": "numtide",
        "repo": "flake-utils",
        "rev": "74f7e4319258e287b0f9cb95426c9853b282730b",
        "type": "github"
      },
      "original": {
        "owner": "numtide",
        "repo": "flake-utils",
        "type": "github"
      }
    },
    "frigate-hass-integration": {
      "flake": false,
      "locked": {
        "lastModified": 1638042682,
        "narHash": "sha256-VzqGfWJ94igM4UYytfJNSQTDT714UxWx0XponBNsdHE=",
        "owner": "blakeblackshear",
        "repo": "frigate-hass-integration",
        "rev": "b9bdcf3647b63e4303876235f165e2f6f5e958d5",
        "type": "github"
      },
      "original": {
        "owner": "blakeblackshear",
        "repo": "frigate-hass-integration",
        "type": "github"
      }
    },
    "oldstable": {
      "locked": {
        "lastModified": 1638798756,
        "narHash": "sha256-VFuVwQ4YjPNnclRh6vcy5pR0AgPxlGeanVYBLVCr9ZI=",
        "owner": "NixOS",
        "repo": "nixpkgs",
        "rev": "4a8751d694b46340072d95409804f59b98326f44",
        "type": "github"
      },
      "original": {
        "owner": "NixOS",
        "ref": "nixos-21.05",
        "repo": "nixpkgs",
        "type": "github"
      }
    },
    "root": {
      "inputs": {
        "flake-utils": "flake-utils",
        "frigate-hass-integration": "frigate-hass-integration",
        "oldstable": "oldstable",
        "sonarr_ha": "sonarr_ha",
        "stable": "stable",
        "unstable": "unstable",
        "upcoming-media-card": "upcoming-media-card",
        "webrtc-card": "webrtc-card",
        "zha-network-card": "zha-network-card"
      }
    },
    "sonarr_ha": {
      "flake": false,
      "locked": {
        "lastModified": 1614740689,
        "narHash": "sha256-atipmT09hgWFlYiqC5mqVUYzPu02YQpTqbsT6iqcwvY=",
        "owner": "custom-components",
        "repo": "sensor.sonarr_upcoming_media",
        "rev": "add0b2ad467fdf6aa0f5c083ccb34ad901eed5b7",
        "type": "github"
      },
      "original": {
        "owner": "custom-components",
        "repo": "sensor.sonarr_upcoming_media",
        "type": "github"
      }
    },
    "stable": {
      "locked": {
        "lastModified": 1638887115,
        "narHash": "sha256-emjtIeqyJ84Eb3X7APJruTrwcfnHQKs55XGljj62prs=",
        "owner": "NixOS",
        "repo": "nixpkgs",
        "rev": "1bd4bbd49bef217a3d1adea43498270d6e779d65",
        "type": "github"
      },
      "original": {
        "owner": "NixOS",
        "ref": "nixos-21.11",
        "repo": "nixpkgs",
        "type": "github"
      }
    },
    "unstable": {
      "locked": {
        "lastModified": 1638806821,
        "narHash": "sha256-v2qd2Bsmzft53s43eCbN+4ocrLksRdFLyF/MAGuWuDA=",
        "owner": "NixOS",
        "repo": "nixpkgs",
        "rev": "bc5d68306b40b8522ffb69ba6cff91898c2fbbff",
        "type": "github"
      },
      "original": {
        "owner": "NixOS",
        "ref": "nixos-unstable",
        "repo": "nixpkgs",
        "type": "github"
      }
    },
    "upcoming-media-card": {
      "flake": false,
      "locked": {
        "lastModified": 1610684259,
        "narHash": "sha256-lgCgjtSurIFJCMbhq/SA8EqtGGjH+G+znref1siMlAg=",
        "owner": "custom-cards",
        "repo": "upcoming-media-card",
        "rev": "c0c83a12c51014303427c61f15d3aa12a44cdd8b",
        "type": "github"
      },
      "original": {
        "owner": "custom-cards",
        "repo": "upcoming-media-card",
        "type": "github"
      }
    },
    "webrtc-card": {
      "flake": false,
      "locked": {
        "lastModified": 1638705906,
        "narHash": "sha256-74p/wYCquNiiv6UXjGancC+aqH4i8OIgDXGxwqY+1qg=",
        "owner": "AlexxIT",
        "repo": "WebRTC",
        "rev": "fd6270fb0034c06769070ab534aee671a4944035",
        "type": "github"
      },
      "original": {
        "owner": "AlexxIT",
        "repo": "WebRTC",
        "type": "github"
      }
    },
    "zha-network-card": {
      "flake": false,
      "locked": {
        "lastModified": 1606243170,
        "narHash": "sha256-4ALrFtfBw02WptmaQ0c2aqB/eGpSgxRXem0rY6ylhg0=",
        "owner": "dmulcahey",
        "repo": "zha-network-card",
        "rev": "b6b05fa1591d0b9ea86ff81d7ebd92f3b45ef644",
        "type": "github"
      },
      "original": {
        "owner": "dmulcahey",
        "repo": "zha-network-card",
        "type": "github"
      }
    }
  },
  "root": "root",
  "version": 7
}
